// !$*UTF8*$!
{
	archiveVersion = 1;
	classes = {
	};
	objectVersion = 50;
	objects = {

/* Begin PBXBuildFile section */
		4F06628D224048E100232BD7 /* LoginViewController.swift in Sources */ = {isa = PBXBuildFile; fileRef = 4F06628C224048E100232BD7 /* LoginViewController.swift */; };
		4F06628F224048F500232BD7 /* SignUpViewController.swift in Sources */ = {isa = PBXBuildFile; fileRef = 4F06628E224048F500232BD7 /* SignUpViewController.swift */; };
		4F0662912240490A00232BD7 /* HomePageViewController.swift in Sources */ = {isa = PBXBuildFile; fileRef = 4F0662902240490A00232BD7 /* HomePageViewController.swift */; };
		4F0662952240506A00232BD7 /* User.swift in Sources */ = {isa = PBXBuildFile; fileRef = 4F0662942240506A00232BD7 /* User.swift */; };
		4F0662982240508500232BD7 /* UserController.swift in Sources */ = {isa = PBXBuildFile; fileRef = 4F0662972240508500232BD7 /* UserController.swift */; };
		4F0862DB224030870069161D /* AppDelegate.swift in Sources */ = {isa = PBXBuildFile; fileRef = 4F0862DA224030870069161D /* AppDelegate.swift */; };
		4F0862DD224030870069161D /* ViewController.swift in Sources */ = {isa = PBXBuildFile; fileRef = 4F0862DC224030870069161D /* ViewController.swift */; };
		4F0862E0224030870069161D /* Main.storyboard in Resources */ = {isa = PBXBuildFile; fileRef = 4F0862DE224030870069161D /* Main.storyboard */; };
		4F0862E22240308A0069161D /* Assets.xcassets in Resources */ = {isa = PBXBuildFile; fileRef = 4F0862E12240308A0069161D /* Assets.xcassets */; };
		4F0862E52240308A0069161D /* LaunchScreen.storyboard in Resources */ = {isa = PBXBuildFile; fileRef = 4F0862E32240308A0069161D /* LaunchScreen.storyboard */; };
		4F0862F02240308B0069161D /* Type_KetoTests.swift in Sources */ = {isa = PBXBuildFile; fileRef = 4F0862EF2240308B0069161D /* Type_KetoTests.swift */; };
		4F0862FB2240308B0069161D /* Type_KetoUITests.swift in Sources */ = {isa = PBXBuildFile; fileRef = 4F0862FA2240308B0069161D /* Type_KetoUITests.swift */; };
		4F086309224030DB0069161D /* GoogleService-Info.plist in Resources */ = {isa = PBXBuildFile; fileRef = 4F086308224030DB0069161D /* GoogleService-Info.plist */; };
		4FB1C0D422427ED40079BED9 /* CartTableViewCell.swift in Sources */ = {isa = PBXBuildFile; fileRef = 4FB1C0D322427ED40079BED9 /* CartTableViewCell.swift */; };
		4FB1C0D622429CCE0079BED9 /* PaymentController.swift in Sources */ = {isa = PBXBuildFile; fileRef = 4FB1C0D522429CCE0079BED9 /* PaymentController.swift */; };
		4FB1C0D82242B30F0079BED9 /* Cart.swift in Sources */ = {isa = PBXBuildFile; fileRef = 4FB1C0D72242B30F0079BED9 /* Cart.swift */; };
		4FB1C0DA2242B4230079BED9 /* CartController.swift in Sources */ = {isa = PBXBuildFile; fileRef = 4FB1C0D92242B4230079BED9 /* CartController.swift */; };
		4FB8DFE8224196AE00F3E303 /* ProductCollectionViewCell.swift in Sources */ = {isa = PBXBuildFile; fileRef = 4FB8DFE7224196AE00F3E303 /* ProductCollectionViewCell.swift */; };
		4FB8DFEA2241978900F3E303 /* Product.swift in Sources */ = {isa = PBXBuildFile; fileRef = 4FB8DFE92241978900F3E303 /* Product.swift */; };
		4FB8DFEC22419E6400F3E303 /* ProductController.swift in Sources */ = {isa = PBXBuildFile; fileRef = 4FB8DFEB22419E6400F3E303 /* ProductController.swift */; };
		4FB8DFEE2241A5A000F3E303 /* Order.swift in Sources */ = {isa = PBXBuildFile; fileRef = 4FB8DFED2241A5A000F3E303 /* Order.swift */; };
		4FB8DFF02241A6EF00F3E303 /* Bill.swift in Sources */ = {isa = PBXBuildFile; fileRef = 4FB8DFEF2241A6EF00F3E303 /* Bill.swift */; };
		4FB8DFF22241A7D400F3E303 /* OrderController.swift in Sources */ = {isa = PBXBuildFile; fileRef = 4FB8DFF12241A7D400F3E303 /* OrderController.swift */; };
		4FB8DFF42241A7E100F3E303 /* BillController.swift in Sources */ = {isa = PBXBuildFile; fileRef = 4FB8DFF32241A7E100F3E303 /* BillController.swift */; };
		4FB8DFF62241E49100F3E303 /* CartViewController.swift in Sources */ = {isa = PBXBuildFile; fileRef = 4FB8DFF52241E49100F3E303 /* CartViewController.swift */; };
		4FE9929422442F7600069785 /* Customer.swift in Sources */ = {isa = PBXBuildFile; fileRef = 4FE9929322442F7600069785 /* Customer.swift */; };
		4FE99296224459E400069785 /* ShipmentDetailsViewController.swift in Sources */ = {isa = PBXBuildFile; fileRef = 4FE99295224459E400069785 /* ShipmentDetailsViewController.swift */; };
		4FE9929822445E9A00069785 /* PaymentViewController.swift in Sources */ = {isa = PBXBuildFile; fileRef = 4FE9929722445E9A00069785 /* PaymentViewController.swift */; };
		B80E7BAA0E40D995C3A793A6 /* Pods_Type_Keto.framework in Frameworks */ = {isa = PBXBuildFile; fileRef = 759A7E7B5B5C360742F49E13 /* Pods_Type_Keto.framework */; };
		DC487EC1E668CCC41A276314 /* Pods_Type_KetoTests.framework in Frameworks */ = {isa = PBXBuildFile; fileRef = 08C702F836D0806BF3610076 /* Pods_Type_KetoTests.framework */; };
		ED2C875D53B1012460558982 /* Pods_Type_KetoUITests.framework in Frameworks */ = {isa = PBXBuildFile; fileRef = 99499A93DF737F03C462F8F8 /* Pods_Type_KetoUITests.framework */; };
/* End PBXBuildFile section */

/* Begin PBXContainerItemProxy section */
		4F0862EC2240308B0069161D /* PBXContainerItemProxy */ = {
			isa = PBXContainerItemProxy;
			containerPortal = 4F0862CF224030870069161D /* Project object */;
			proxyType = 1;
			remoteGlobalIDString = 4F0862D6224030870069161D;
			remoteInfo = "Type Keto";
		};
		4F0862F72240308B0069161D /* PBXContainerItemProxy */ = {
			isa = PBXContainerItemProxy;
			containerPortal = 4F0862CF224030870069161D /* Project object */;
			proxyType = 1;
			remoteGlobalIDString = 4F0862D6224030870069161D;
			remoteInfo = "Type Keto";
		};
/* End PBXContainerItemProxy section */

/* Begin PBXFileReference section */
		08C702F836D0806BF3610076 /* Pods_Type_KetoTests.framework */ = {isa = PBXFileReference; explicitFileType = wrapper.framework; includeInIndex = 0; path = Pods_Type_KetoTests.framework; sourceTree = BUILT_PRODUCTS_DIR; };
		0FEAD4ACB69CCE64E5134545 /* Pods-Type KetoUITests.release.xcconfig */ = {isa = PBXFileReference; includeInIndex = 1; lastKnownFileType = text.xcconfig; name = "Pods-Type KetoUITests.release.xcconfig"; path = "Target Support Files/Pods-Type KetoUITests/Pods-Type KetoUITests.release.xcconfig"; sourceTree = "<group>"; };
		42A59834E06325043B4C5A15 /* Pods-Type KetoUITests.debug.xcconfig */ = {isa = PBXFileReference; includeInIndex = 1; lastKnownFileType = text.xcconfig; name = "Pods-Type KetoUITests.debug.xcconfig"; path = "Target Support Files/Pods-Type KetoUITests/Pods-Type KetoUITests.debug.xcconfig"; sourceTree = "<group>"; };
		4A8CE4D3FEFB67D175717086 /* Pods-Type Keto.release.xcconfig */ = {isa = PBXFileReference; includeInIndex = 1; lastKnownFileType = text.xcconfig; name = "Pods-Type Keto.release.xcconfig"; path = "Target Support Files/Pods-Type Keto/Pods-Type Keto.release.xcconfig"; sourceTree = "<group>"; };
		4F06628C224048E100232BD7 /* LoginViewController.swift */ = {isa = PBXFileReference; lastKnownFileType = sourcecode.swift; path = LoginViewController.swift; sourceTree = "<group>"; };
		4F06628E224048F500232BD7 /* SignUpViewController.swift */ = {isa = PBXFileReference; lastKnownFileType = sourcecode.swift; path = SignUpViewController.swift; sourceTree = "<group>"; };
		4F0662902240490A00232BD7 /* HomePageViewController.swift */ = {isa = PBXFileReference; lastKnownFileType = sourcecode.swift; path = HomePageViewController.swift; sourceTree = "<group>"; };
		4F0662942240506A00232BD7 /* User.swift */ = {isa = PBXFileReference; lastKnownFileType = sourcecode.swift; path = User.swift; sourceTree = "<group>"; };
		4F0662972240508500232BD7 /* UserController.swift */ = {isa = PBXFileReference; lastKnownFileType = sourcecode.swift; path = UserController.swift; sourceTree = "<group>"; };
		4F0862D7224030870069161D /* Type Keto.app */ = {isa = PBXFileReference; explicitFileType = wrapper.application; includeInIndex = 0; path = "Type Keto.app"; sourceTree = BUILT_PRODUCTS_DIR; };
		4F0862DA224030870069161D /* AppDelegate.swift */ = {isa = PBXFileReference; lastKnownFileType = sourcecode.swift; path = AppDelegate.swift; sourceTree = "<group>"; };
		4F0862DC224030870069161D /* ViewController.swift */ = {isa = PBXFileReference; lastKnownFileType = sourcecode.swift; path = ViewController.swift; sourceTree = "<group>"; };
		4F0862DF224030870069161D /* Base */ = {isa = PBXFileReference; lastKnownFileType = file.storyboard; name = Base; path = Base.lproj/Main.storyboard; sourceTree = "<group>"; };
		4F0862E12240308A0069161D /* Assets.xcassets */ = {isa = PBXFileReference; lastKnownFileType = folder.assetcatalog; path = Assets.xcassets; sourceTree = "<group>"; };
		4F0862E42240308A0069161D /* Base */ = {isa = PBXFileReference; lastKnownFileType = file.storyboard; name = Base; path = Base.lproj/LaunchScreen.storyboard; sourceTree = "<group>"; };
		4F0862E62240308A0069161D /* Info.plist */ = {isa = PBXFileReference; lastKnownFileType = text.plist.xml; path = Info.plist; sourceTree = "<group>"; };
		4F0862EB2240308B0069161D /* Type KetoTests.xctest */ = {isa = PBXFileReference; explicitFileType = wrapper.cfbundle; includeInIndex = 0; path = "Type KetoTests.xctest"; sourceTree = BUILT_PRODUCTS_DIR; };
		4F0862EF2240308B0069161D /* Type_KetoTests.swift */ = {isa = PBXFileReference; lastKnownFileType = sourcecode.swift; path = Type_KetoTests.swift; sourceTree = "<group>"; };
		4F0862F12240308B0069161D /* Info.plist */ = {isa = PBXFileReference; lastKnownFileType = text.plist.xml; path = Info.plist; sourceTree = "<group>"; };
		4F0862F62240308B0069161D /* Type KetoUITests.xctest */ = {isa = PBXFileReference; explicitFileType = wrapper.cfbundle; includeInIndex = 0; path = "Type KetoUITests.xctest"; sourceTree = BUILT_PRODUCTS_DIR; };
		4F0862FA2240308B0069161D /* Type_KetoUITests.swift */ = {isa = PBXFileReference; lastKnownFileType = sourcecode.swift; path = Type_KetoUITests.swift; sourceTree = "<group>"; };
		4F0862FC2240308B0069161D /* Info.plist */ = {isa = PBXFileReference; lastKnownFileType = text.plist.xml; path = Info.plist; sourceTree = "<group>"; };
		4F086308224030DB0069161D /* GoogleService-Info.plist */ = {isa = PBXFileReference; fileEncoding = 4; lastKnownFileType = text.plist.xml; path = "GoogleService-Info.plist"; sourceTree = "<group>"; };
		4FB1C0D322427ED40079BED9 /* CartTableViewCell.swift */ = {isa = PBXFileReference; lastKnownFileType = sourcecode.swift; path = CartTableViewCell.swift; sourceTree = "<group>"; };
		4FB1C0D522429CCE0079BED9 /* PaymentController.swift */ = {isa = PBXFileReference; lastKnownFileType = sourcecode.swift; path = PaymentController.swift; sourceTree = "<group>"; };
		4FB1C0D72242B30F0079BED9 /* Cart.swift */ = {isa = PBXFileReference; lastKnownFileType = sourcecode.swift; path = Cart.swift; sourceTree = "<group>"; };
		4FB1C0D92242B4230079BED9 /* CartController.swift */ = {isa = PBXFileReference; lastKnownFileType = sourcecode.swift; path = CartController.swift; sourceTree = "<group>"; };
		4FB8DFE7224196AE00F3E303 /* ProductCollectionViewCell.swift */ = {isa = PBXFileReference; lastKnownFileType = sourcecode.swift; path = ProductCollectionViewCell.swift; sourceTree = "<group>"; };
		4FB8DFE92241978900F3E303 /* Product.swift */ = {isa = PBXFileReference; lastKnownFileType = sourcecode.swift; path = Product.swift; sourceTree = "<group>"; };
		4FB8DFEB22419E6400F3E303 /* ProductController.swift */ = {isa = PBXFileReference; lastKnownFileType = sourcecode.swift; path = ProductController.swift; sourceTree = "<group>"; };
		4FB8DFED2241A5A000F3E303 /* Order.swift */ = {isa = PBXFileReference; lastKnownFileType = sourcecode.swift; path = Order.swift; sourceTree = "<group>"; };
		4FB8DFEF2241A6EF00F3E303 /* Bill.swift */ = {isa = PBXFileReference; lastKnownFileType = sourcecode.swift; path = Bill.swift; sourceTree = "<group>"; };
		4FB8DFF12241A7D400F3E303 /* OrderController.swift */ = {isa = PBXFileReference; lastKnownFileType = sourcecode.swift; path = OrderController.swift; sourceTree = "<group>"; };
		4FB8DFF32241A7E100F3E303 /* BillController.swift */ = {isa = PBXFileReference; lastKnownFileType = sourcecode.swift; path = BillController.swift; sourceTree = "<group>"; };
		4FB8DFF52241E49100F3E303 /* CartViewController.swift */ = {isa = PBXFileReference; lastKnownFileType = sourcecode.swift; path = CartViewController.swift; sourceTree = "<group>"; };
		4FE9929322442F7600069785 /* Customer.swift */ = {isa = PBXFileReference; lastKnownFileType = sourcecode.swift; path = Customer.swift; sourceTree = "<group>"; };
		4FE99295224459E400069785 /* ShipmentDetailsViewController.swift */ = {isa = PBXFileReference; lastKnownFileType = sourcecode.swift; path = ShipmentDetailsViewController.swift; sourceTree = "<group>"; };
		4FE9929722445E9A00069785 /* PaymentViewController.swift */ = {isa = PBXFileReference; lastKnownFileType = sourcecode.swift; path = PaymentViewController.swift; sourceTree = "<group>"; };
		50BFF4F9390272B9CD5E8B46 /* Pods-Type KetoTests.release.xcconfig */ = {isa = PBXFileReference; includeInIndex = 1; lastKnownFileType = text.xcconfig; name = "Pods-Type KetoTests.release.xcconfig"; path = "Target Support Files/Pods-Type KetoTests/Pods-Type KetoTests.release.xcconfig"; sourceTree = "<group>"; };
		759A7E7B5B5C360742F49E13 /* Pods_Type_Keto.framework */ = {isa = PBXFileReference; explicitFileType = wrapper.framework; includeInIndex = 0; path = Pods_Type_Keto.framework; sourceTree = BUILT_PRODUCTS_DIR; };
		977709ECFFC5F726A152144D /* Pods-Type KetoTests.debug.xcconfig */ = {isa = PBXFileReference; includeInIndex = 1; lastKnownFileType = text.xcconfig; name = "Pods-Type KetoTests.debug.xcconfig"; path = "Target Support Files/Pods-Type KetoTests/Pods-Type KetoTests.debug.xcconfig"; sourceTree = "<group>"; };
		99499A93DF737F03C462F8F8 /* Pods_Type_KetoUITests.framework */ = {isa = PBXFileReference; explicitFileType = wrapper.framework; includeInIndex = 0; path = Pods_Type_KetoUITests.framework; sourceTree = BUILT_PRODUCTS_DIR; };
		D735A7E2E76C5CF0DA4DAF33 /* Pods-Type Keto.debug.xcconfig */ = {isa = PBXFileReference; includeInIndex = 1; lastKnownFileType = text.xcconfig; name = "Pods-Type Keto.debug.xcconfig"; path = "Target Support Files/Pods-Type Keto/Pods-Type Keto.debug.xcconfig"; sourceTree = "<group>"; };
/* End PBXFileReference section */

/* Begin PBXFrameworksBuildPhase section */
		4F0862D4224030870069161D /* Frameworks */ = {
			isa = PBXFrameworksBuildPhase;
			buildActionMask = 2147483647;
			files = (
				B80E7BAA0E40D995C3A793A6 /* Pods_Type_Keto.framework in Frameworks */,
			);
			runOnlyForDeploymentPostprocessing = 0;
		};
		4F0862E82240308B0069161D /* Frameworks */ = {
			isa = PBXFrameworksBuildPhase;
			buildActionMask = 2147483647;
			files = (
				DC487EC1E668CCC41A276314 /* Pods_Type_KetoTests.framework in Frameworks */,
			);
			runOnlyForDeploymentPostprocessing = 0;
		};
		4F0862F32240308B0069161D /* Frameworks */ = {
			isa = PBXFrameworksBuildPhase;
			buildActionMask = 2147483647;
			files = (
				ED2C875D53B1012460558982 /* Pods_Type_KetoUITests.framework in Frameworks */,
			);
			runOnlyForDeploymentPostprocessing = 0;
		};
/* End PBXFrameworksBuildPhase section */

/* Begin PBXGroup section */
		13B5670C7062DDEA9BAE82C4 /* Pods */ = {
			isa = PBXGroup;
			children = (
				D735A7E2E76C5CF0DA4DAF33 /* Pods-Type Keto.debug.xcconfig */,
				4A8CE4D3FEFB67D175717086 /* Pods-Type Keto.release.xcconfig */,
				977709ECFFC5F726A152144D /* Pods-Type KetoTests.debug.xcconfig */,
				50BFF4F9390272B9CD5E8B46 /* Pods-Type KetoTests.release.xcconfig */,
				42A59834E06325043B4C5A15 /* Pods-Type KetoUITests.debug.xcconfig */,
				0FEAD4ACB69CCE64E5134545 /* Pods-Type KetoUITests.release.xcconfig */,
			);
			path = Pods;
			sourceTree = "<group>";
		};
		4BAFA7BEE357CC3CC2B98801 /* Frameworks */ = {
			isa = PBXGroup;
			children = (
				759A7E7B5B5C360742F49E13 /* Pods_Type_Keto.framework */,
				08C702F836D0806BF3610076 /* Pods_Type_KetoTests.framework */,
				99499A93DF737F03C462F8F8 /* Pods_Type_KetoUITests.framework */,
			);
			name = Frameworks;
			sourceTree = "<group>";
		};
		4F0662922240491900232BD7 /* View Controllers */ = {
			isa = PBXGroup;
			children = (
				4F06628C224048E100232BD7 /* LoginViewController.swift */,
				4F06628E224048F500232BD7 /* SignUpViewController.swift */,
				4F0662902240490A00232BD7 /* HomePageViewController.swift */,
				4FB8DFE7224196AE00F3E303 /* ProductCollectionViewCell.swift */,
				4FB8DFF52241E49100F3E303 /* CartViewController.swift */,
				4FB1C0D322427ED40079BED9 /* CartTableViewCell.swift */,
				4F0862DC224030870069161D /* ViewController.swift */,
				4FE99295224459E400069785 /* ShipmentDetailsViewController.swift */,
				4FE9929722445E9A00069785 /* PaymentViewController.swift */,
			);
			path = "View Controllers";
			sourceTree = "<group>";
		};
		4F0662932240505700232BD7 /* Models */ = {
			isa = PBXGroup;
			children = (
				4F0662942240506A00232BD7 /* User.swift */,
				4FE9929322442F7600069785 /* Customer.swift */,
				4FB8DFE92241978900F3E303 /* Product.swift */,
				4FB8DFED2241A5A000F3E303 /* Order.swift */,
				4FB8DFEF2241A6EF00F3E303 /* Bill.swift */,
				4FB1C0D72242B30F0079BED9 /* Cart.swift */,
			);
			path = Models;
			sourceTree = "<group>";
		};
		4F0662962240507400232BD7 /* Model Controllers */ = {
			isa = PBXGroup;
			children = (
				4F0662972240508500232BD7 /* UserController.swift */,
				4FB8DFEB22419E6400F3E303 /* ProductController.swift */,
				4FB8DFF12241A7D400F3E303 /* OrderController.swift */,
				4FB8DFF32241A7E100F3E303 /* BillController.swift */,
				4FB1C0D522429CCE0079BED9 /* PaymentController.swift */,
				4FB1C0D92242B4230079BED9 /* CartController.swift */,
			);
			path = "Model Controllers";
			sourceTree = "<group>";
		};
		4F0862CE224030870069161D = {
			isa = PBXGroup;
			children = (
				4F0862D9224030870069161D /* Type Keto */,
				4F0862EE2240308B0069161D /* Type KetoTests */,
				4F0862F92240308B0069161D /* Type KetoUITests */,
				4F0862D8224030870069161D /* Products */,
				13B5670C7062DDEA9BAE82C4 /* Pods */,
				4BAFA7BEE357CC3CC2B98801 /* Frameworks */,
			);
			sourceTree = "<group>";
		};
		4F0862D8224030870069161D /* Products */ = {
			isa = PBXGroup;
			children = (
				4F0862D7224030870069161D /* Type Keto.app */,
				4F0862EB2240308B0069161D /* Type KetoTests.xctest */,
				4F0862F62240308B0069161D /* Type KetoUITests.xctest */,
			);
			name = Products;
			sourceTree = "<group>";
		};
		4F0862D9224030870069161D /* Type Keto */ = {
			isa = PBXGroup;
			children = (
				4F0662962240507400232BD7 /* Model Controllers */,
				4F0662932240505700232BD7 /* Models */,
				4F0662922240491900232BD7 /* View Controllers */,
				4F0862DA224030870069161D /* AppDelegate.swift */,
				4F0862DE224030870069161D /* Main.storyboard */,
				4F086308224030DB0069161D /* GoogleService-Info.plist */,
				4F0862E12240308A0069161D /* Assets.xcassets */,
				4F0862E32240308A0069161D /* LaunchScreen.storyboard */,
				4F0862E62240308A0069161D /* Info.plist */,
			);
			path = "Type Keto";
			sourceTree = "<group>";
		};
		4F0862EE2240308B0069161D /* Type KetoTests */ = {
			isa = PBXGroup;
			children = (
				4F0862EF2240308B0069161D /* Type_KetoTests.swift */,
				4F0862F12240308B0069161D /* Info.plist */,
			);
			path = "Type KetoTests";
			sourceTree = "<group>";
		};
		4F0862F92240308B0069161D /* Type KetoUITests */ = {
			isa = PBXGroup;
			children = (
				4F0862FA2240308B0069161D /* Type_KetoUITests.swift */,
				4F0862FC2240308B0069161D /* Info.plist */,
			);
			path = "Type KetoUITests";
			sourceTree = "<group>";
		};
/* End PBXGroup section */

/* Begin PBXNativeTarget section */
		4F0862D6224030870069161D /* Type Keto */ = {
			isa = PBXNativeTarget;
			buildConfigurationList = 4F0862FF2240308B0069161D /* Build configuration list for PBXNativeTarget "Type Keto" */;
			buildPhases = (
				591E5A31A2529D33F1CFC4EE /* [CP] Check Pods Manifest.lock */,
				4F0862D3224030870069161D /* Sources */,
				4F0862D4224030870069161D /* Frameworks */,
				4F0862D5224030870069161D /* Resources */,
				7B5C89D6780298CB9B5785B4 /* [CP] Embed Pods Frameworks */,
			);
			buildRules = (
			);
			dependencies = (
			);
			name = "Type Keto";
			productName = "Type Keto";
			productReference = 4F0862D7224030870069161D /* Type Keto.app */;
			productType = "com.apple.product-type.application";
		};
		4F0862EA2240308B0069161D /* Type KetoTests */ = {
			isa = PBXNativeTarget;
			buildConfigurationList = 4F0863022240308B0069161D /* Build configuration list for PBXNativeTarget "Type KetoTests" */;
			buildPhases = (
				B376993FB7ECC5E64A612DAE /* [CP] Check Pods Manifest.lock */,
				4F0862E72240308B0069161D /* Sources */,
				4F0862E82240308B0069161D /* Frameworks */,
				4F0862E92240308B0069161D /* Resources */,
			);
			buildRules = (
			);
			dependencies = (
				4F0862ED2240308B0069161D /* PBXTargetDependency */,
			);
			name = "Type KetoTests";
			productName = "Type KetoTests";
			productReference = 4F0862EB2240308B0069161D /* Type KetoTests.xctest */;
			productType = "com.apple.product-type.bundle.unit-test";
		};
		4F0862F52240308B0069161D /* Type KetoUITests */ = {
			isa = PBXNativeTarget;
			buildConfigurationList = 4F0863052240308B0069161D /* Build configuration list for PBXNativeTarget "Type KetoUITests" */;
			buildPhases = (
				F04AD8714C6129E97B47CBCB /* [CP] Check Pods Manifest.lock */,
				4F0862F22240308B0069161D /* Sources */,
				4F0862F32240308B0069161D /* Frameworks */,
				4F0862F42240308B0069161D /* Resources */,
			);
			buildRules = (
			);
			dependencies = (
				4F0862F82240308B0069161D /* PBXTargetDependency */,
			);
			name = "Type KetoUITests";
			productName = "Type KetoUITests";
			productReference = 4F0862F62240308B0069161D /* Type KetoUITests.xctest */;
			productType = "com.apple.product-type.bundle.ui-testing";
		};
/* End PBXNativeTarget section */

/* Begin PBXProject section */
		4F0862CF224030870069161D /* Project object */ = {
			isa = PBXProject;
			attributes = {
				LastSwiftUpdateCheck = 1010;
				LastUpgradeCheck = 1010;
				ORGANIZATIONNAME = "Type Keto LLC";
				TargetAttributes = {
					4F0862D6224030870069161D = {
						CreatedOnToolsVersion = 10.1;
					};
					4F0862EA2240308B0069161D = {
						CreatedOnToolsVersion = 10.1;
						TestTargetID = 4F0862D6224030870069161D;
					};
					4F0862F52240308B0069161D = {
						CreatedOnToolsVersion = 10.1;
						TestTargetID = 4F0862D6224030870069161D;
					};
				};
			};
			buildConfigurationList = 4F0862D2224030870069161D /* Build configuration list for PBXProject "Type Keto" */;
			compatibilityVersion = "Xcode 9.3";
			developmentRegion = en;
			hasScannedForEncodings = 0;
			knownRegions = (
				en,
				Base,
			);
			mainGroup = 4F0862CE224030870069161D;
			productRefGroup = 4F0862D8224030870069161D /* Products */;
			projectDirPath = "";
			projectRoot = "";
			targets = (
				4F0862D6224030870069161D /* Type Keto */,
				4F0862EA2240308B0069161D /* Type KetoTests */,
				4F0862F52240308B0069161D /* Type KetoUITests */,
			);
		};
/* End PBXProject section */

/* Begin PBXResourcesBuildPhase section */
		4F0862D5224030870069161D /* Resources */ = {
			isa = PBXResourcesBuildPhase;
			buildActionMask = 2147483647;
			files = (
				4F0862E52240308A0069161D /* LaunchScreen.storyboard in Resources */,
				4F086309224030DB0069161D /* GoogleService-Info.plist in Resources */,
				4F0862E22240308A0069161D /* Assets.xcassets in Resources */,
				4F0862E0224030870069161D /* Main.storyboard in Resources */,
			);
			runOnlyForDeploymentPostprocessing = 0;
		};
		4F0862E92240308B0069161D /* Resources */ = {
			isa = PBXResourcesBuildPhase;
			buildActionMask = 2147483647;
			files = (
			);
			runOnlyForDeploymentPostprocessing = 0;
		};
		4F0862F42240308B0069161D /* Resources */ = {
			isa = PBXResourcesBuildPhase;
			buildActionMask = 2147483647;
			files = (
			);
			runOnlyForDeploymentPostprocessing = 0;
		};
/* End PBXResourcesBuildPhase section */

/* Begin PBXShellScriptBuildPhase section */
		591E5A31A2529D33F1CFC4EE /* [CP] Check Pods Manifest.lock */ = {
			isa = PBXShellScriptBuildPhase;
			buildActionMask = 2147483647;
			files = (
			);
			inputFileListPaths = (
			);
			inputPaths = (
				"${PODS_PODFILE_DIR_PATH}/Podfile.lock",
				"${PODS_ROOT}/Manifest.lock",
			);
			name = "[CP] Check Pods Manifest.lock";
			outputFileListPaths = (
			);
			outputPaths = (
				"$(DERIVED_FILE_DIR)/Pods-Type Keto-checkManifestLockResult.txt",
			);
			runOnlyForDeploymentPostprocessing = 0;
			shellPath = /bin/sh;
			shellScript = "diff \"${PODS_PODFILE_DIR_PATH}/Podfile.lock\" \"${PODS_ROOT}/Manifest.lock\" > /dev/null\nif [ $? != 0 ] ; then\n    # print error to STDERR\n    echo \"error: The sandbox is not in sync with the Podfile.lock. Run 'pod install' or update your CocoaPods installation.\" >&2\n    exit 1\nfi\n# This output is used by Xcode 'outputs' to avoid re-running this script phase.\necho \"SUCCESS\" > \"${SCRIPT_OUTPUT_FILE_0}\"\n";
			showEnvVarsInLog = 0;
		};
		7B5C89D6780298CB9B5785B4 /* [CP] Embed Pods Frameworks */ = {
			isa = PBXShellScriptBuildPhase;
			buildActionMask = 2147483647;
			files = (
			);
			inputFileListPaths = (
			);
			inputPaths = (
				"${PODS_ROOT}/Target Support Files/Pods-Type Keto/Pods-Type Keto-frameworks.sh",
				"${BUILT_PRODUCTS_DIR}/GTMSessionFetcher/GTMSessionFetcher.framework",
				"${BUILT_PRODUCTS_DIR}/GoogleUtilities/GoogleUtilities.framework",
				"${BUILT_PRODUCTS_DIR}/Moltin/moltin.framework",
				"${BUILT_PRODUCTS_DIR}/Stripe/Stripe.framework",
				"${BUILT_PRODUCTS_DIR}/nanopb/nanopb.framework",
			);
			name = "[CP] Embed Pods Frameworks";
			outputFileListPaths = (
			);
			outputPaths = (
				"${TARGET_BUILD_DIR}/${FRAMEWORKS_FOLDER_PATH}/GTMSessionFetcher.framework",
				"${TARGET_BUILD_DIR}/${FRAMEWORKS_FOLDER_PATH}/GoogleUtilities.framework",
				"${TARGET_BUILD_DIR}/${FRAMEWORKS_FOLDER_PATH}/moltin.framework",
				"${TARGET_BUILD_DIR}/${FRAMEWORKS_FOLDER_PATH}/Stripe.framework",
				"${TARGET_BUILD_DIR}/${FRAMEWORKS_FOLDER_PATH}/nanopb.framework",
			);
			runOnlyForDeploymentPostprocessing = 0;
			shellPath = /bin/sh;
			shellScript = "\"${PODS_ROOT}/Target Support Files/Pods-Type Keto/Pods-Type Keto-frameworks.sh\"\n";
			showEnvVarsInLog = 0;
		};
		B376993FB7ECC5E64A612DAE /* [CP] Check Pods Manifest.lock */ = {
			isa = PBXShellScriptBuildPhase;
			buildActionMask = 2147483647;
			files = (
			);
			inputFileListPaths = (
			);
			inputPaths = (
				"${PODS_PODFILE_DIR_PATH}/Podfile.lock",
				"${PODS_ROOT}/Manifest.lock",
			);
			name = "[CP] Check Pods Manifest.lock";
			outputFileListPaths = (
			);
			outputPaths = (
				"$(DERIVED_FILE_DIR)/Pods-Type KetoTests-checkManifestLockResult.txt",
			);
			runOnlyForDeploymentPostprocessing = 0;
			shellPath = /bin/sh;
			shellScript = "diff \"${PODS_PODFILE_DIR_PATH}/Podfile.lock\" \"${PODS_ROOT}/Manifest.lock\" > /dev/null\nif [ $? != 0 ] ; then\n    # print error to STDERR\n    echo \"error: The sandbox is not in sync with the Podfile.lock. Run 'pod install' or update your CocoaPods installation.\" >&2\n    exit 1\nfi\n# This output is used by Xcode 'outputs' to avoid re-running this script phase.\necho \"SUCCESS\" > \"${SCRIPT_OUTPUT_FILE_0}\"\n";
			showEnvVarsInLog = 0;
		};
		F04AD8714C6129E97B47CBCB /* [CP] Check Pods Manifest.lock */ = {
			isa = PBXShellScriptBuildPhase;
			buildActionMask = 2147483647;
			files = (
			);
			inputFileListPaths = (
			);
			inputPaths = (
				"${PODS_PODFILE_DIR_PATH}/Podfile.lock",
				"${PODS_ROOT}/Manifest.lock",
			);
			name = "[CP] Check Pods Manifest.lock";
			outputFileListPaths = (
			);
			outputPaths = (
				"$(DERIVED_FILE_DIR)/Pods-Type KetoUITests-checkManifestLockResult.txt",
			);
			runOnlyForDeploymentPostprocessing = 0;
			shellPath = /bin/sh;
			shellScript = "diff \"${PODS_PODFILE_DIR_PATH}/Podfile.lock\" \"${PODS_ROOT}/Manifest.lock\" > /dev/null\nif [ $? != 0 ] ; then\n    # print error to STDERR\n    echo \"error: The sandbox is not in sync with the Podfile.lock. Run 'pod install' or update your CocoaPods installation.\" >&2\n    exit 1\nfi\n# This output is used by Xcode 'outputs' to avoid re-running this script phase.\necho \"SUCCESS\" > \"${SCRIPT_OUTPUT_FILE_0}\"\n";
			showEnvVarsInLog = 0;
		};
/* End PBXShellScriptBuildPhase section */

/* Begin PBXSourcesBuildPhase section */
		4F0862D3224030870069161D /* Sources */ = {
			isa = PBXSourcesBuildPhase;
			buildActionMask = 2147483647;
			files = (
				4FB8DFF22241A7D400F3E303 /* OrderController.swift in Sources */,
				4FB1C0D82242B30F0079BED9 /* Cart.swift in Sources */,
				4F06628D224048E100232BD7 /* LoginViewController.swift in Sources */,
				4FB1C0DA2242B4230079BED9 /* CartController.swift in Sources */,
				4F0862DD224030870069161D /* ViewController.swift in Sources */,
				4FB8DFEA2241978900F3E303 /* Product.swift in Sources */,
				4FB8DFEC22419E6400F3E303 /* ProductController.swift in Sources */,
				4FB8DFF02241A6EF00F3E303 /* Bill.swift in Sources */,
				4FB8DFEE2241A5A000F3E303 /* Order.swift in Sources */,
				4FB8DFF62241E49100F3E303 /* CartViewController.swift in Sources */,
				4FB8DFE8224196AE00F3E303 /* ProductCollectionViewCell.swift in Sources */,
				4FE9929422442F7600069785 /* Customer.swift in Sources */,
				4F0662952240506A00232BD7 /* User.swift in Sources */,
				4F06628F224048F500232BD7 /* SignUpViewController.swift in Sources */,
				4FE99296224459E400069785 /* ShipmentDetailsViewController.swift in Sources */,
				4F0662982240508500232BD7 /* UserController.swift in Sources */,
				4F0662912240490A00232BD7 /* HomePageViewController.swift in Sources */,
				4FE9929822445E9A00069785 /* PaymentViewController.swift in Sources */,
				4FB8DFF42241A7E100F3E303 /* BillController.swift in Sources */,
				4F0862DB224030870069161D /* AppDelegate.swift in Sources */,
				4FB1C0D422427ED40079BED9 /* CartTableViewCell.swift in Sources */,
				4FB1C0D622429CCE0079BED9 /* PaymentController.swift in Sources */,
			);
			runOnlyForDeploymentPostprocessing = 0;
		};
		4F0862E72240308B0069161D /* Sources */ = {
			isa = PBXSourcesBuildPhase;
			buildActionMask = 2147483647;
			files = (
				4F0862F02240308B0069161D /* Type_KetoTests.swift in Sources */,
			);
			runOnlyForDeploymentPostprocessing = 0;
		};
		4F0862F22240308B0069161D /* Sources */ = {
			isa = PBXSourcesBuildPhase;
			buildActionMask = 2147483647;
			files = (
				4F0862FB2240308B0069161D /* Type_KetoUITests.swift in Sources */,
			);
			runOnlyForDeploymentPostprocessing = 0;
		};
/* End PBXSourcesBuildPhase section */

/* Begin PBXTargetDependency section */
		4F0862ED2240308B0069161D /* PBXTargetDependency */ = {
			isa = PBXTargetDependency;
			target = 4F0862D6224030870069161D /* Type Keto */;
			targetProxy = 4F0862EC2240308B0069161D /* PBXContainerItemProxy */;
		};
		4F0862F82240308B0069161D /* PBXTargetDependency */ = {
			isa = PBXTargetDependency;
			target = 4F0862D6224030870069161D /* Type Keto */;
			targetProxy = 4F0862F72240308B0069161D /* PBXContainerItemProxy */;
		};
/* End PBXTargetDependency section */

/* Begin PBXVariantGroup section */
		4F0862DE224030870069161D /* Main.storyboard */ = {
			isa = PBXVariantGroup;
			children = (
				4F0862DF224030870069161D /* Base */,
			);
			name = Main.storyboard;
			sourceTree = "<group>";
		};
		4F0862E32240308A0069161D /* LaunchScreen.storyboard */ = {
			isa = PBXVariantGroup;
			children = (
				4F0862E42240308A0069161D /* Base */,
			);
			name = LaunchScreen.storyboard;
			sourceTree = "<group>";
		};
/* End PBXVariantGroup section */

/* Begin XCBuildConfiguration section */
		4F0862FD2240308B0069161D /* Debug */ = {
			isa = XCBuildConfiguration;
			buildSettings = {
				ALWAYS_SEARCH_USER_PATHS = NO;
				CLANG_ANALYZER_NONNULL = YES;
				CLANG_ANALYZER_NUMBER_OBJECT_CONVERSION = YES_AGGRESSIVE;
				CLANG_CXX_LANGUAGE_STANDARD = "gnu++14";
				CLANG_CXX_LIBRARY = "libc++";
				CLANG_ENABLE_MODULES = YES;
				CLANG_ENABLE_OBJC_ARC = YES;
				CLANG_ENABLE_OBJC_WEAK = YES;
				CLANG_WARN_BLOCK_CAPTURE_AUTORELEASING = YES;
				CLANG_WARN_BOOL_CONVERSION = YES;
				CLANG_WARN_COMMA = YES;
				CLANG_WARN_CONSTANT_CONVERSION = YES;
				CLANG_WARN_DEPRECATED_OBJC_IMPLEMENTATIONS = YES;
				CLANG_WARN_DIRECT_OBJC_ISA_USAGE = YES_ERROR;
				CLANG_WARN_DOCUMENTATION_COMMENTS = YES;
				CLANG_WARN_EMPTY_BODY = YES;
				CLANG_WARN_ENUM_CONVERSION = YES;
				CLANG_WARN_INFINITE_RECURSION = YES;
				CLANG_WARN_INT_CONVERSION = YES;
				CLANG_WARN_NON_LITERAL_NULL_CONVERSION = YES;
				CLANG_WARN_OBJC_IMPLICIT_RETAIN_SELF = YES;
				CLANG_WARN_OBJC_LITERAL_CONVERSION = YES;
				CLANG_WARN_OBJC_ROOT_CLASS = YES_ERROR;
				CLANG_WARN_RANGE_LOOP_ANALYSIS = YES;
				CLANG_WARN_STRICT_PROTOTYPES = YES;
				CLANG_WARN_SUSPICIOUS_MOVE = YES;
				CLANG_WARN_UNGUARDED_AVAILABILITY = YES_AGGRESSIVE;
				CLANG_WARN_UNREACHABLE_CODE = YES;
				CLANG_WARN__DUPLICATE_METHOD_MATCH = YES;
				CODE_SIGN_IDENTITY = "iPhone Developer";
				COPY_PHASE_STRIP = NO;
				DEBUG_INFORMATION_FORMAT = dwarf;
				ENABLE_STRICT_OBJC_MSGSEND = YES;
				ENABLE_TESTABILITY = YES;
				GCC_C_LANGUAGE_STANDARD = gnu11;
				GCC_DYNAMIC_NO_PIC = NO;
				GCC_NO_COMMON_BLOCKS = YES;
				GCC_OPTIMIZATION_LEVEL = 0;
				GCC_PREPROCESSOR_DEFINITIONS = (
					"DEBUG=1",
					"$(inherited)",
				);
				GCC_WARN_64_TO_32_BIT_CONVERSION = YES;
				GCC_WARN_ABOUT_RETURN_TYPE = YES_ERROR;
				GCC_WARN_UNDECLARED_SELECTOR = YES;
				GCC_WARN_UNINITIALIZED_AUTOS = YES_AGGRESSIVE;
				GCC_WARN_UNUSED_FUNCTION = YES;
				GCC_WARN_UNUSED_VARIABLE = YES;
				IPHONEOS_DEPLOYMENT_TARGET = 12.1;
				MTL_ENABLE_DEBUG_INFO = INCLUDE_SOURCE;
				MTL_FAST_MATH = YES;
				ONLY_ACTIVE_ARCH = YES;
				SDKROOT = iphoneos;
				SWIFT_ACTIVE_COMPILATION_CONDITIONS = DEBUG;
				SWIFT_OPTIMIZATION_LEVEL = "-Onone";
			};
			name = Debug;
		};
		4F0862FE2240308B0069161D /* Release */ = {
			isa = XCBuildConfiguration;
			buildSettings = {
				ALWAYS_SEARCH_USER_PATHS = NO;
				CLANG_ANALYZER_NONNULL = YES;
				CLANG_ANALYZER_NUMBER_OBJECT_CONVERSION = YES_AGGRESSIVE;
				CLANG_CXX_LANGUAGE_STANDARD = "gnu++14";
				CLANG_CXX_LIBRARY = "libc++";
				CLANG_ENABLE_MODULES = YES;
				CLANG_ENABLE_OBJC_ARC = YES;
				CLANG_ENABLE_OBJC_WEAK = YES;
				CLANG_WARN_BLOCK_CAPTURE_AUTORELEASING = YES;
				CLANG_WARN_BOOL_CONVERSION = YES;
				CLANG_WARN_COMMA = YES;
				CLANG_WARN_CONSTANT_CONVERSION = YES;
				CLANG_WARN_DEPRECATED_OBJC_IMPLEMENTATIONS = YES;
				CLANG_WARN_DIRECT_OBJC_ISA_USAGE = YES_ERROR;
				CLANG_WARN_DOCUMENTATION_COMMENTS = YES;
				CLANG_WARN_EMPTY_BODY = YES;
				CLANG_WARN_ENUM_CONVERSION = YES;
				CLANG_WARN_INFINITE_RECURSION = YES;
				CLANG_WARN_INT_CONVERSION = YES;
				CLANG_WARN_NON_LITERAL_NULL_CONVERSION = YES;
				CLANG_WARN_OBJC_IMPLICIT_RETAIN_SELF = YES;
				CLANG_WARN_OBJC_LITERAL_CONVERSION = YES;
				CLANG_WARN_OBJC_ROOT_CLASS = YES_ERROR;
				CLANG_WARN_RANGE_LOOP_ANALYSIS = YES;
				CLANG_WARN_STRICT_PROTOTYPES = YES;
				CLANG_WARN_SUSPICIOUS_MOVE = YES;
				CLANG_WARN_UNGUARDED_AVAILABILITY = YES_AGGRESSIVE;
				CLANG_WARN_UNREACHABLE_CODE = YES;
				CLANG_WARN__DUPLICATE_METHOD_MATCH = YES;
				CODE_SIGN_IDENTITY = "iPhone Developer";
				COPY_PHASE_STRIP = NO;
				DEBUG_INFORMATION_FORMAT = "dwarf-with-dsym";
				ENABLE_NS_ASSERTIONS = NO;
				ENABLE_STRICT_OBJC_MSGSEND = YES;
				GCC_C_LANGUAGE_STANDARD = gnu11;
				GCC_NO_COMMON_BLOCKS = YES;
				GCC_WARN_64_TO_32_BIT_CONVERSION = YES;
				GCC_WARN_ABOUT_RETURN_TYPE = YES_ERROR;
				GCC_WARN_UNDECLARED_SELECTOR = YES;
				GCC_WARN_UNINITIALIZED_AUTOS = YES_AGGRESSIVE;
				GCC_WARN_UNUSED_FUNCTION = YES;
				GCC_WARN_UNUSED_VARIABLE = YES;
				IPHONEOS_DEPLOYMENT_TARGET = 12.1;
				MTL_ENABLE_DEBUG_INFO = NO;
				MTL_FAST_MATH = YES;
				SDKROOT = iphoneos;
				SWIFT_COMPILATION_MODE = wholemodule;
				SWIFT_OPTIMIZATION_LEVEL = "-O";
				VALIDATE_PRODUCT = YES;
			};
			name = Release;
		};
		4F0863002240308B0069161D /* Debug */ = {
			isa = XCBuildConfiguration;
			baseConfigurationReference = D735A7E2E76C5CF0DA4DAF33 /* Pods-Type Keto.debug.xcconfig */;
			buildSettings = {
				ASSETCATALOG_COMPILER_APPICON_NAME = AppIcon;
				CODE_SIGN_STYLE = Automatic;
				DEVELOPMENT_TEAM = 7M33TUA2Z8;
				INFOPLIST_FILE = "Type Keto/Info.plist";
				LD_RUNPATH_SEARCH_PATHS = (
					"$(inherited)",
					"@executable_path/Frameworks",
				);
				PRODUCT_BUNDLE_IDENTIFIER = "com.TypeKetoLLC.Type-Keto";
				PRODUCT_NAME = "$(TARGET_NAME)";
				SWIFT_VERSION = 4.2;
				TARGETED_DEVICE_FAMILY = "1,2";
			};
			name = Debug;
		};
		4F0863012240308B0069161D /* Release */ = {
			isa = XCBuildConfiguration;
			baseConfigurationReference = 4A8CE4D3FEFB67D175717086 /* Pods-Type Keto.release.xcconfig */;
			buildSettings = {
				ASSETCATALOG_COMPILER_APPICON_NAME = AppIcon;
				CODE_SIGN_STYLE = Automatic;
				DEVELOPMENT_TEAM = 7M33TUA2Z8;
				INFOPLIST_FILE = "Type Keto/Info.plist";
				LD_RUNPATH_SEARCH_PATHS = (
					"$(inherited)",
					"@executable_path/Frameworks",
				);
				PRODUCT_BUNDLE_IDENTIFIER = "com.TypeKetoLLC.Type-Keto";
				PRODUCT_NAME = "$(TARGET_NAME)";
				SWIFT_VERSION = 4.2;
				TARGETED_DEVICE_FAMILY = "1,2";
			};
			name = Release;
		};
		4F0863032240308B0069161D /* Debug */ = {
			isa = XCBuildConfiguration;
			baseConfigurationReference = 977709ECFFC5F726A152144D /* Pods-Type KetoTests.debug.xcconfig */;
			buildSettings = {
				ALWAYS_EMBED_SWIFT_STANDARD_LIBRARIES = YES;
				BUNDLE_LOADER = "$(TEST_HOST)";
				CODE_SIGN_STYLE = Automatic;
				DEVELOPMENT_TEAM = 7M33TUA2Z8;
				INFOPLIST_FILE = "Type KetoTests/Info.plist";
				LD_RUNPATH_SEARCH_PATHS = (
					"$(inherited)",
					"@executable_path/Frameworks",
					"@loader_path/Frameworks",
				);
				PRODUCT_BUNDLE_IDENTIFIER = "com.TypeKetoLLC.Type-KetoTests";
				PRODUCT_NAME = "$(TARGET_NAME)";
				SWIFT_VERSION = 4.2;
				TARGETED_DEVICE_FAMILY = "1,2";
				TEST_HOST = "$(BUILT_PRODUCTS_DIR)/Type Keto.app/Type Keto";
			};
			name = Debug;
		};
		4F0863042240308B0069161D /* Release */ = {
			isa = XCBuildConfiguration;
			baseConfigurationReference = 50BFF4F9390272B9CD5E8B46 /* Pods-Type KetoTests.release.xcconfig */;
			buildSettings = {
				ALWAYS_EMBED_SWIFT_STANDARD_LIBRARIES = YES;
				BUNDLE_LOADER = "$(TEST_HOST)";
				CODE_SIGN_STYLE = Automatic;
				DEVELOPMENT_TEAM = 7M33TUA2Z8;
				INFOPLIST_FILE = "Type KetoTests/Info.plist";
				LD_RUNPATH_SEARCH_PATHS = (
					"$(inherited)",
					"@executable_path/Frameworks",
					"@loader_path/Frameworks",
				);
				PRODUCT_BUNDLE_IDENTIFIER = "com.TypeKetoLLC.Type-KetoTests";
				PRODUCT_NAME = "$(TARGET_NAME)";
				SWIFT_VERSION = 4.2;
				TARGETED_DEVICE_FAMILY = "1,2";
				TEST_HOST = "$(BUILT_PRODUCTS_DIR)/Type Keto.app/Type Keto";
			};
			name = Release;
		};
		4F0863062240308B0069161D /* Debug */ = {
			isa = XCBuildConfiguration;
			baseConfigurationReference = 42A59834E06325043B4C5A15 /* Pods-Type KetoUITests.debug.xcconfig */;
			buildSettings = {
				ALWAYS_EMBED_SWIFT_STANDARD_LIBRARIES = YES;
				CODE_SIGN_STYLE = Automatic;
				DEVELOPMENT_TEAM = 7M33TUA2Z8;
				INFOPLIST_FILE = "Type KetoUITests/Info.plist";
				LD_RUNPATH_SEARCH_PATHS = (
					"$(inherited)",
					"@executable_path/Frameworks",
					"@loader_path/Frameworks",
				);
				PRODUCT_BUNDLE_IDENTIFIER = "com.TypeKetoLLC.Type-KetoUITests";
				PRODUCT_NAME = "$(TARGET_NAME)";
				SWIFT_VERSION = 4.2;
				TARGETED_DEVICE_FAMILY = "1,2";
				TEST_TARGET_NAME = "Type Keto";
			};
			name = Debug;
		};
		4F0863072240308B0069161D /* Release */ = {
			isa = XCBuildConfiguration;
			baseConfigurationReference = 0FEAD4ACB69CCE64E5134545 /* Pods-Type KetoUITests.release.xcconfig */;
			buildSettings = {
				ALWAYS_EMBED_SWIFT_STANDARD_LIBRARIES = YES;
				CODE_SIGN_STYLE = Automatic;
				DEVELOPMENT_TEAM = 7M33TUA2Z8;
				INFOPLIST_FILE = "Type KetoUITests/Info.plist";
				LD_RUNPATH_SEARCH_PATHS = (
					"$(inherited)",
					"@executable_path/Frameworks",
					"@loader_path/Frameworks",
				);
				PRODUCT_BUNDLE_IDENTIFIER = "com.TypeKetoLLC.Type-KetoUITests";
				PRODUCT_NAME = "$(TARGET_NAME)";
				SWIFT_VERSION = 4.2;
				TARGETED_DEVICE_FAMILY = "1,2";
				TEST_TARGET_NAME = "Type Keto";
			};
			name = Release;
		};
/* End XCBuildConfiguration section */

/* Begin XCConfigurationList section */
		4F0862D2224030870069161D /* Build configuration list for PBXProject "Type Keto" */ = {
			isa = XCConfigurationList;
			buildConfigurations = (
				4F0862FD2240308B0069161D /* Debug */,
				4F0862FE2240308B0069161D /* Release */,
			);
			defaultConfigurationIsVisible = 0;
			defaultConfigurationName = Release;
		};
		4F0862FF2240308B0069161D /* Build configuration list for PBXNativeTarget "Type Keto" */ = {
			isa = XCConfigurationList;
			buildConfigurations = (
				4F0863002240308B0069161D /* Debug */,
				4F0863012240308B0069161D /* Release */,
			);
			defaultConfigurationIsVisible = 0;
			defaultConfigurationName = Release;
		};
		4F0863022240308B0069161D /* Build configuration list for PBXNativeTarget "Type KetoTests" */ = {
			isa = XCConfigurationList;
			buildConfigurations = (
				4F0863032240308B0069161D /* Debug */,
				4F0863042240308B0069161D /* Release */,
			);
			defaultConfigurationIsVisible = 0;
			defaultConfigurationName = Release;
		};
		4F0863052240308B0069161D /* Build configuration list for PBXNativeTarget "Type KetoUITests" */ = {
			isa = XCConfigurationList;
			buildConfigurations = (
				4F0863062240308B0069161D /* Debug */,
				4F0863072240308B0069161D /* Release */,
			);
			defaultConfigurationIsVisible = 0;
			defaultConfigurationName = Release;
		};
/* End XCConfigurationList section */
	};
	rootObject = 4F0862CF224030870069161D /* Project object */;
}
